{
  "version": 4,
  "terraform_version": "1.13.2",
  "serial": 12,
  "lineage": "e4b87d10-8a3c-9b44-0fc1-7eefcbc5fa55",
  "outputs": {
    "project_id": {
      "value": "coding-interview-terraform",
      "type": "string"
    },
    "service_account_email": {
      "value": "dbt-executor@coding-interview-terraform.iam.gserviceaccount.com",
      "type": "string"
    }
  },
  "resources": [
    {
      "mode": "managed",
      "type": "google_bigquery_dataset",
      "name": "data_mart_dataset",
      "provider": "provider[\"registry.terraform.io/hashicorp/google\"]",
      "instances": [
        {
          "schema_version": 0,
          "attributes": {
            "access": [
              {
                "dataset": [],
                "domain": "",
                "group_by_email": "",
                "role": "OWNER",
                "routine": [],
                "special_group": "",
                "user_by_email": "eduardo.sebastian.hunerberg@gmail.com",
                "view": []
              },
              {
                "dataset": [],
                "domain": "",
                "group_by_email": "",
                "role": "OWNER",
                "routine": [],
                "special_group": "projectOwners",
                "user_by_email": "",
                "view": []
              },
              {
                "dataset": [],
                "domain": "",
                "group_by_email": "",
                "role": "READER",
                "routine": [],
                "special_group": "projectReaders",
                "user_by_email": "",
                "view": []
              },
              {
                "dataset": [],
                "domain": "",
                "group_by_email": "",
                "role": "WRITER",
                "routine": [],
                "special_group": "projectWriters",
                "user_by_email": "",
                "view": []
              }
            ],
            "creation_time": 1394364913,
            "dataset_id": "data_mart",
            "default_collation": "",
            "default_encryption_configuration": [],
            "default_partition_expiration_ms": 0,
            "default_table_expiration_ms": 0,
            "delete_contents_on_destroy": false,
            "description": "",
            "etag": "qFs+YcMlRK152Y3zd3DdCA==",
            "friendly_name": "",
            "id": "projects/coding-interview-terraform/datasets/data_mart",
            "is_case_insensitive": false,
            "labels": {},
            "last_modified_time": 1394364913,
            "location": "US",
            "max_time_travel_hours": "168",
            "project": "coding-interview-terraform",
            "self_link": "https://bigquery.googleapis.com/bigquery/v2/projects/coding-interview-terraform/datasets/data_mart",
            "storage_billing_model": "",
            "timeouts": null
          },
          "sensitive_attributes": [],
          "identity_schema_version": 0,
          "private": "eyJlMmJmYjczMC1lY2FhLTExZTYtOGY4OC0zNDM2M2JjN2M0YzAiOnsiY3JlYXRlIjoxMjAwMDAwMDAwMDAwLCJkZWxldGUiOjEyMDAwMDAwMDAwMDAsInVwZGF0ZSI6MTIwMDAwMDAwMDAwMH19",
          "dependencies": [
            "google_project.new_project",
            "google_project_service.compute_api"
          ]
        }
      ]
    },
    {
      "mode": "managed",
      "type": "google_bigquery_dataset",
      "name": "staging_dataset",
      "provider": "provider[\"registry.terraform.io/hashicorp/google\"]",
      "instances": [
        {
          "schema_version": 0,
          "attributes": {
            "access": [
              {
                "dataset": [],
                "domain": "",
                "group_by_email": "",
                "role": "OWNER",
                "routine": [],
                "special_group": "",
                "user_by_email": "eduardo.sebastian.hunerberg@gmail.com",
                "view": []
              },
              {
                "dataset": [],
                "domain": "",
                "group_by_email": "",
                "role": "OWNER",
                "routine": [],
                "special_group": "projectOwners",
                "user_by_email": "",
                "view": []
              },
              {
                "dataset": [],
                "domain": "",
                "group_by_email": "",
                "role": "READER",
                "routine": [],
                "special_group": "projectReaders",
                "user_by_email": "",
                "view": []
              },
              {
                "dataset": [],
                "domain": "",
                "group_by_email": "",
                "role": "WRITER",
                "routine": [],
                "special_group": "projectWriters",
                "user_by_email": "",
                "view": []
              }
            ],
            "creation_time": 1394364716,
            "dataset_id": "staging",
            "default_collation": "",
            "default_encryption_configuration": [],
            "default_partition_expiration_ms": 0,
            "default_table_expiration_ms": 0,
            "delete_contents_on_destroy": false,
            "description": "",
            "etag": "hl9SWo2o5riiSTjjuHndgA==",
            "friendly_name": "",
            "id": "projects/coding-interview-terraform/datasets/staging",
            "is_case_insensitive": false,
            "labels": {},
            "last_modified_time": 1394364716,
            "location": "US",
            "max_time_travel_hours": "168",
            "project": "coding-interview-terraform",
            "self_link": "https://bigquery.googleapis.com/bigquery/v2/projects/coding-interview-terraform/datasets/staging",
            "storage_billing_model": "",
            "timeouts": null
          },
          "sensitive_attributes": [],
          "identity_schema_version": 0,
          "private": "eyJlMmJmYjczMC1lY2FhLTExZTYtOGY4OC0zNDM2M2JjN2M0YzAiOnsiY3JlYXRlIjoxMjAwMDAwMDAwMDAwLCJkZWxldGUiOjEyMDAwMDAwMDAwMDAsInVwZGF0ZSI6MTIwMDAwMDAwMDAwMH19",
          "dependencies": [
            "google_project.new_project",
            "google_project_service.compute_api"
          ]
        }
      ]
    },
    {
      "mode": "managed",
      "type": "google_bigquery_dataset_iam_member",
      "name": "data_mart_editor",
      "provider": "provider[\"registry.terraform.io/hashicorp/google\"]",
      "instances": [
        {
          "schema_version": 0,
          "attributes": {
            "condition": [],
            "dataset_id": "data_mart",
            "etag": "",
            "id": "projects/coding-interview-terraform/datasets/data_mart/roles/bigquery.dataEditor/serviceAccount:dbt-executor@coding-interview-terraform.iam.gserviceaccount.com",
            "member": "serviceAccount:dbt-executor@coding-interview-terraform.iam.gserviceaccount.com",
            "project": "coding-interview-terraform",
            "role": "roles/bigquery.dataEditor"
          },
          "sensitive_attributes": [],
          "identity_schema_version": 0,
          "private": "bnVsbA==",
          "dependencies": [
            "google_bigquery_dataset.data_mart_dataset",
            "google_project.new_project",
            "google_project_service.compute_api",
            "google_service_account.dbt_service_account"
          ]
        }
      ]
    },
    {
      "mode": "managed",
      "type": "google_bigquery_dataset_iam_member",
      "name": "staging_editor",
      "provider": "provider[\"registry.terraform.io/hashicorp/google\"]",
      "instances": [
        {
          "schema_version": 0,
          "attributes": {
            "condition": [],
            "dataset_id": "staging",
            "etag": "",
            "id": "projects/coding-interview-terraform/datasets/staging/roles/bigquery.dataEditor/serviceAccount:dbt-executor@coding-interview-terraform.iam.gserviceaccount.com",
            "member": "serviceAccount:dbt-executor@coding-interview-terraform.iam.gserviceaccount.com",
            "project": "coding-interview-terraform",
            "role": "roles/bigquery.dataEditor"
          },
          "sensitive_attributes": [],
          "identity_schema_version": 0,
          "private": "bnVsbA==",
          "dependencies": [
            "google_bigquery_dataset.staging_dataset",
            "google_project.new_project",
            "google_project_service.compute_api",
            "google_service_account.dbt_service_account"
          ]
        }
      ]
    },
    {
      "mode": "managed",
      "type": "google_project",
      "name": "new_project",
      "provider": "provider[\"registry.terraform.io/hashicorp/google\"]",
      "instances": [
        {
          "schema_version": 1,
          "attributes": {
            "auto_create_network": true,
            "billing_account": "01FC5C-8ED930-420ABB",
            "folder_id": null,
            "id": "projects/coding-interview-terraform",
            "labels": null,
            "name": "coding-interview-terraform",
            "number": "328686265651",
            "org_id": null,
            "project_id": "coding-interview-terraform",
            "skip_delete": null,
            "timeouts": null
          },
          "sensitive_attributes": [],
          "identity_schema_version": 0,
          "private": "eyJlMmJmYjczMC1lY2FhLTExZTYtOGY4OC0zNDM2M2JjN2M0YzAiOnsiY3JlYXRlIjo2MDAwMDAwMDAwMDAsImRlbGV0ZSI6NjAwMDAwMDAwMDAwLCJyZWFkIjo2MDAwMDAwMDAwMDAsInVwZGF0ZSI6NjAwMDAwMDAwMDAwfSwic2NoZW1hX3ZlcnNpb24iOiIxIn0="
        }
      ]
    },
    {
      "mode": "managed",
      "type": "google_project_iam_member",
      "name": "bigquery_job_user",
      "provider": "provider[\"registry.terraform.io/hashicorp/google\"]",
      "instances": [
        {
          "schema_version": 0,
          "attributes": {
            "condition": [],
            "etag": "BwY+7KV97lc=",
            "id": "coding-interview-terraform/roles/bigquery.jobUser/serviceAccount:dbt-executor@coding-interview-terraform.iam.gserviceaccount.com",
            "member": "serviceAccount:dbt-executor@coding-interview-terraform.iam.gserviceaccount.com",
            "project": "coding-interview-terraform",
            "role": "roles/bigquery.jobUser"
          },
          "sensitive_attributes": [],
          "identity_schema_version": 0,
          "private": "bnVsbA==",
          "dependencies": [
            "google_project.new_project",
            "google_service_account.dbt_service_account"
          ]
        }
      ]
    },
    {
      "mode": "managed",
      "type": "google_project_service",
      "name": "compute_api",
      "provider": "provider[\"registry.terraform.io/hashicorp/google\"]",
      "instances": [
        {
          "index_key": "bigquery.googleapis.com",
          "schema_version": 0,
          "attributes": {
            "disable_dependent_services": null,
            "disable_on_destroy": false,
            "id": "coding-interview-terraform/bigquery.googleapis.com",
            "project": "coding-interview-terraform",
            "service": "bigquery.googleapis.com",
            "timeouts": null
          },
          "sensitive_attributes": [],
          "identity_schema_version": 0,
          "private": "eyJlMmJmYjczMC1lY2FhLTExZTYtOGY4OC0zNDM2M2JjN2M0YzAiOnsiY3JlYXRlIjoxMjAwMDAwMDAwMDAwLCJkZWxldGUiOjEyMDAwMDAwMDAwMDAsInJlYWQiOjYwMDAwMDAwMDAwMCwidXBkYXRlIjoxMjAwMDAwMDAwMDAwfX0=",
          "dependencies": [
            "google_project.new_project"
          ]
        },
        {
          "index_key": "cloudresourcemanager.googleapis.com",
          "schema_version": 0,
          "attributes": {
            "disable_dependent_services": null,
            "disable_on_destroy": false,
            "id": "coding-interview-terraform/cloudresourcemanager.googleapis.com",
            "project": "coding-interview-terraform",
            "service": "cloudresourcemanager.googleapis.com",
            "timeouts": null
          },
          "sensitive_attributes": [],
          "identity_schema_version": 0,
          "private": "eyJlMmJmYjczMC1lY2FhLTExZTYtOGY4OC0zNDM2M2JjN2M0YzAiOnsiY3JlYXRlIjoxMjAwMDAwMDAwMDAwLCJkZWxldGUiOjEyMDAwMDAwMDAwMDAsInJlYWQiOjYwMDAwMDAwMDAwMCwidXBkYXRlIjoxMjAwMDAwMDAwMDAwfX0=",
          "dependencies": [
            "google_project.new_project"
          ]
        },
        {
          "index_key": "iam.googleapis.com",
          "schema_version": 0,
          "attributes": {
            "disable_dependent_services": null,
            "disable_on_destroy": false,
            "id": "coding-interview-terraform/iam.googleapis.com",
            "project": "coding-interview-terraform",
            "service": "iam.googleapis.com",
            "timeouts": null
          },
          "sensitive_attributes": [],
          "identity_schema_version": 0,
          "private": "eyJlMmJmYjczMC1lY2FhLTExZTYtOGY4OC0zNDM2M2JjN2M0YzAiOnsiY3JlYXRlIjoxMjAwMDAwMDAwMDAwLCJkZWxldGUiOjEyMDAwMDAwMDAwMDAsInJlYWQiOjYwMDAwMDAwMDAwMCwidXBkYXRlIjoxMjAwMDAwMDAwMDAwfX0=",
          "dependencies": [
            "google_project.new_project"
          ]
        }
      ]
    },
    {
      "mode": "managed",
      "type": "google_service_account",
      "name": "dbt_service_account",
      "provider": "provider[\"registry.terraform.io/hashicorp/google\"]",
      "instances": [
        {
          "schema_version": 0,
          "attributes": {
            "account_id": "dbt-executor",
            "description": "",
            "disabled": false,
            "display_name": "dbt Executor Service Account",
            "email": "dbt-executor@coding-interview-terraform.iam.gserviceaccount.com",
            "id": "projects/coding-interview-terraform/serviceAccounts/dbt-executor@coding-interview-terraform.iam.gserviceaccount.com",
            "member": "serviceAccount:dbt-executor@coding-interview-terraform.iam.gserviceaccount.com",
            "name": "projects/coding-interview-terraform/serviceAccounts/dbt-executor@coding-interview-terraform.iam.gserviceaccount.com",
            "project": "coding-interview-terraform",
            "timeouts": null,
            "unique_id": "115968785769208466366"
          },
          "sensitive_attributes": [],
          "identity_schema_version": 0,
          "private": "eyJlMmJmYjczMC1lY2FhLTExZTYtOGY4OC0zNDM2M2JjN2M0YzAiOnsiY3JlYXRlIjozMDAwMDAwMDAwMDB9fQ==",
          "dependencies": [
            "google_project.new_project"
          ]
        }
      ]
    }
  ],
  "check_results": null
}
